// !$*UTF8*$!
{
	archiveVersion = 1;
	classes = {
	};
	objectVersion = 46;
	objects = {

/* Begin PBXBuildFile section */
		E5384F8D1953AF27006B0E7E /* main.m in Sources */ = {isa = PBXBuildFile; fileRef = E5384F8C1953AF27006B0E7E /* main.m */; };
		E5384F921953AF27006B0E7E /* Images.xcassets in Resources */ = {isa = PBXBuildFile; fileRef = E5384F911953AF27006B0E7E /* Images.xcassets */; };
		E5384F9E1953AF27006B0E7E /* PVDCalc_iOSTests.m in Sources */ = {isa = PBXBuildFile; fileRef = E5384F9D1953AF27006B0E7E /* PVDCalc_iOSTests.m */; };
		E5384FB11953AF96006B0E7E /* AppDelegate.m in Sources */ = {isa = PBXBuildFile; fileRef = E5384FAA1953AF96006B0E7E /* AppDelegate.m */; };
		E5384FB21953AF96006B0E7E /* ListViewController.m in Sources */ = {isa = PBXBuildFile; fileRef = E5384FAC1953AF96006B0E7E /* ListViewController.m */; };
		E5384FB31953AF96006B0E7E /* MainViewController.m in Sources */ = {isa = PBXBuildFile; fileRef = E5384FAE1953AF96006B0E7E /* MainViewController.m */; };
		E5384FB61953AFE0006B0E7E /* MainStoryboard.storyboard in Resources */ = {isa = PBXBuildFile; fileRef = E5384FB51953AFE0006B0E7E /* MainStoryboard.storyboard */; };
		E5384FB81956907C006B0E7E /* SensorList.plist in Resources */ = {isa = PBXBuildFile; fileRef = E5384FB71956907C006B0E7E /* SensorList.plist */; };
		E5384FBA1956A62E006B0E7E /* Foundation.framework in Frameworks */ = {isa = PBXBuildFile; fileRef = E5384FB91956A62E006B0E7E /* Foundation.framework */; };
		E57FA00319698F9C001491C3 /* Strings.plist in Resources */ = {isa = PBXBuildFile; fileRef = E57FA00219698F9C001491C3 /* Strings.plist */; };
/* End PBXBuildFile section */

/* Begin PBXContainerItemProxy section */
		E5384F981953AF27006B0E7E /* PBXContainerItemProxy */ = {
			isa = PBXContainerItemProxy;
			containerPortal = E5384F7F1953AF26006B0E7E /* Project object */;
			proxyType = 1;
			remoteGlobalIDString = E5384F861953AF27006B0E7E;
			remoteInfo = PVDCalc_iOS;
		};
/* End PBXContainerItemProxy section */

/* Begin PBXFileReference section */
		E5384F871953AF27006B0E7E /* PVDCalc_iOS.app */ = {isa = PBXFileReference; explicitFileType = wrapper.application; includeInIndex = 0; path = PVDCalc_iOS.app; sourceTree = BUILT_PRODUCTS_DIR; };
		E5384F8B1953AF27006B0E7E /* Info.plist */ = {isa = PBXFileReference; lastKnownFileType = text.plist.xml; path = Info.plist; sourceTree = "<group>"; };
		E5384F8C1953AF27006B0E7E /* main.m */ = {isa = PBXFileReference; lastKnownFileType = sourcecode.c.objc; path = main.m; sourceTree = "<group>"; };
		E5384F911953AF27006B0E7E /* Images.xcassets */ = {isa = PBXFileReference; lastKnownFileType = folder.assetcatalog; path = Images.xcassets; sourceTree = "<group>"; };
		E5384F971953AF27006B0E7E /* PVDCalc_iOSTests.xctest */ = {isa = PBXFileReference; explicitFileType = wrapper.cfbundle; includeInIndex = 0; path = PVDCalc_iOSTests.xctest; sourceTree = BUILT_PRODUCTS_DIR; };
		E5384F9C1953AF27006B0E7E /* Info.plist */ = {isa = PBXFileReference; lastKnownFileType = text.plist.xml; path = Info.plist; sourceTree = "<group>"; };
		E5384F9D1953AF27006B0E7E /* PVDCalc_iOSTests.m */ = {isa = PBXFileReference; lastKnownFileType = sourcecode.c.objc; path = PVDCalc_iOSTests.m; sourceTree = "<group>"; };
		E5384FA91953AF96006B0E7E /* AppDelegate.h */ = {isa = PBXFileReference; fileEncoding = 4; lastKnownFileType = sourcecode.c.h; name = AppDelegate.h; path = "../../PVDCalc-iOS/PVDcalc/AppDelegate.h"; sourceTree = "<group>"; };
		E5384FAA1953AF96006B0E7E /* AppDelegate.m */ = {isa = PBXFileReference; fileEncoding = 4; lastKnownFileType = sourcecode.c.objc; name = AppDelegate.m; path = "../../PVDCalc-iOS/PVDcalc/AppDelegate.m"; sourceTree = "<group>"; };
		E5384FAB1953AF96006B0E7E /* ListViewController.h */ = {isa = PBXFileReference; fileEncoding = 4; lastKnownFileType = sourcecode.c.h; name = ListViewController.h; path = "../../PVDCalc-iOS/PVDcalc/ListViewController.h"; sourceTree = "<group>"; };
		E5384FAC1953AF96006B0E7E /* ListViewController.m */ = {isa = PBXFileReference; fileEncoding = 4; lastKnownFileType = sourcecode.c.objc; name = ListViewController.m; path = "../../PVDCalc-iOS/PVDcalc/ListViewController.m"; sourceTree = "<group>"; };
		E5384FAD1953AF96006B0E7E /* MainViewController.h */ = {isa = PBXFileReference; fileEncoding = 4; lastKnownFileType = sourcecode.c.h; name = MainViewController.h; path = "../../PVDCalc-iOS/PVDcalc/MainViewController.h"; sourceTree = "<group>"; };
		E5384FAE1953AF96006B0E7E /* MainViewController.m */ = {isa = PBXFileReference; fileEncoding = 4; lastKnownFileType = sourcecode.c.objc; name = MainViewController.m; path = "../../PVDCalc-iOS/PVDcalc/MainViewController.m"; sourceTree = "<group>"; };
		E5384FB51953AFE0006B0E7E /* MainStoryboard.storyboard */ = {isa = PBXFileReference; fileEncoding = 4; lastKnownFileType = file.storyboard; path = MainStoryboard.storyboard; sourceTree = "<group>"; };
		E5384FB71956907C006B0E7E /* SensorList.plist */ = {isa = PBXFileReference; fileEncoding = 4; lastKnownFileType = text.plist.xml; path = SensorList.plist; sourceTree = "<group>"; };
		E5384FB91956A62E006B0E7E /* Foundation.framework */ = {isa = PBXFileReference; lastKnownFileType = wrapper.framework; name = Foundation.framework; path = System/Library/Frameworks/Foundation.framework; sourceTree = SDKROOT; };
		E57FA00219698F9C001491C3 /* Strings.plist */ = {isa = PBXFileReference; fileEncoding = 4; lastKnownFileType = text.plist.xml; path = Strings.plist; sourceTree = "<group>"; };
/* End PBXFileReference section */

/* Begin PBXFrameworksBuildPhase section */
		E5384F841953AF27006B0E7E /* Frameworks */ = {
			isa = PBXFrameworksBuildPhase;
			buildActionMask = 2147483647;
			files = (
				E5384FBA1956A62E006B0E7E /* Foundation.framework in Frameworks */,
			);
			runOnlyForDeploymentPostprocessing = 0;
		};
		E5384F941953AF27006B0E7E /* Frameworks */ = {
			isa = PBXFrameworksBuildPhase;
			buildActionMask = 2147483647;
			files = (
			);
			runOnlyForDeploymentPostprocessing = 0;
		};
/* End PBXFrameworksBuildPhase section */

/* Begin PBXGroup section */
		E5384F7E1953AF26006B0E7E = {
			isa = PBXGroup;
			children = (
				E5384FB91956A62E006B0E7E /* Foundation.framework */,
				E5384F891953AF27006B0E7E /* PVDCalc_iOS */,
				E5384F9A1953AF27006B0E7E /* PVDCalc_iOSTests */,
				E5384F881953AF27006B0E7E /* Products */,
			);
			sourceTree = "<group>";
		};
		E5384F881953AF27006B0E7E /* Products */ = {
			isa = PBXGroup;
			children = (
				E5384F871953AF27006B0E7E /* PVDCalc_iOS.app */,
				E5384F971953AF27006B0E7E /* PVDCalc_iOSTests.xctest */,
			);
			name = Products;
			sourceTree = "<group>";
		};
		E5384F891953AF27006B0E7E /* PVDCalc_iOS */ = {
			isa = PBXGroup;
			children = (
				E5384FA91953AF96006B0E7E /* AppDelegate.h */,
				E5384FAA1953AF96006B0E7E /* AppDelegate.m */,
				E5384FAB1953AF96006B0E7E /* ListViewController.h */,
				E5384FAC1953AF96006B0E7E /* ListViewController.m */,
				E5384FAD1953AF96006B0E7E /* MainViewController.h */,
				E5384FAE1953AF96006B0E7E /* MainViewController.m */,
				E5384F911953AF27006B0E7E /* Images.xcassets */,
				E5384F8A1953AF27006B0E7E /* Supporting Files */,
			);
			path = PVDCalc_iOS;
			sourceTree = "<group>";
		};
		E5384F8A1953AF27006B0E7E /* Supporting Files */ = {
			isa = PBXGroup;
			children = (
				E5384FB51953AFE0006B0E7E /* MainStoryboard.storyboard */,
				E5384F8B1953AF27006B0E7E /* Info.plist */,
				E5384F8C1953AF27006B0E7E /* main.m */,
				E5384FB71956907C006B0E7E /* SensorList.plist */,
				E57FA00219698F9C001491C3 /* Strings.plist */,
			);
			name = "Supporting Files";
			sourceTree = "<group>";
		};
		E5384F9A1953AF27006B0E7E /* PVDCalc_iOSTests */ = {
			isa = PBXGroup;
			children = (
				E5384F9D1953AF27006B0E7E /* PVDCalc_iOSTests.m */,
				E5384F9B1953AF27006B0E7E /* Supporting Files */,
			);
			path = PVDCalc_iOSTests;
			sourceTree = "<group>";
		};
		E5384F9B1953AF27006B0E7E /* Supporting Files */ = {
			isa = PBXGroup;
			children = (
				E5384F9C1953AF27006B0E7E /* Info.plist */,
			);
			name = "Supporting Files";
			sourceTree = "<group>";
		};
/* End PBXGroup section */

/* Begin PBXNativeTarget section */
		E5384F861953AF27006B0E7E /* PVDCalc_iOS */ = {
			isa = PBXNativeTarget;
			buildConfigurationList = E5384FA11953AF27006B0E7E /* Build configuration list for PBXNativeTarget "PVDCalc_iOS" */;
			buildPhases = (
				E5384F831953AF27006B0E7E /* Sources */,
				E5384F841953AF27006B0E7E /* Frameworks */,
				E5384F851953AF27006B0E7E /* Resources */,
			);
			buildRules = (
			);
			dependencies = (
			);
			name = PVDCalc_iOS;
			productName = PVDCalc_iOS;
			productReference = E5384F871953AF27006B0E7E /* PVDCalc_iOS.app */;
			productType = "com.apple.product-type.application";
		};
		E5384F961953AF27006B0E7E /* PVDCalc_iOSTests */ = {
			isa = PBXNativeTarget;
			buildConfigurationList = E5384FA41953AF27006B0E7E /* Build configuration list for PBXNativeTarget "PVDCalc_iOSTests" */;
			buildPhases = (
				E5384F931953AF27006B0E7E /* Sources */,
				E5384F941953AF27006B0E7E /* Frameworks */,
				E5384F951953AF27006B0E7E /* Resources */,
			);
			buildRules = (
			);
			dependencies = (
				E5384F991953AF27006B0E7E /* PBXTargetDependency */,
			);
			name = PVDCalc_iOSTests;
			productName = PVDCalc_iOSTests;
			productReference = E5384F971953AF27006B0E7E /* PVDCalc_iOSTests.xctest */;
			productType = "com.apple.product-type.bundle.unit-test";
		};
/* End PBXNativeTarget section */

/* Begin PBXProject section */
		E5384F7F1953AF26006B0E7E /* Project object */ = {
			isa = PBXProject;
			attributes = {
				LastUpgradeCheck = 0600;
				ORGANIZATIONNAME = sks;
				TargetAttributes = {
					E5384F861953AF27006B0E7E = {
						CreatedOnToolsVersion = 6.0;
						DevelopmentTeam = FP48EUQHLU;
					};
					E5384F961953AF27006B0E7E = {
						CreatedOnToolsVersion = 6.0;
						TestTargetID = E5384F861953AF27006B0E7E;
					};
				};
			};
			buildConfigurationList = E5384F821953AF26006B0E7E /* Build configuration list for PBXProject "PVDCalc_iOS" */;
			compatibilityVersion = "Xcode 3.2";
			developmentRegion = English;
			hasScannedForEncodings = 0;
			knownRegions = (
				en,
			);
			mainGroup = E5384F7E1953AF26006B0E7E;
			productRefGroup = E5384F881953AF27006B0E7E /* Products */;
			projectDirPath = "";
			projectRoot = "";
			targets = (
				E5384F861953AF27006B0E7E /* PVDCalc_iOS */,
				E5384F961953AF27006B0E7E /* PVDCalc_iOSTests */,
			);
		};
/* End PBXProject section */

/* Begin PBXResourcesBuildPhase section */
		E5384F851953AF27006B0E7E /* Resources */ = {
			isa = PBXResourcesBuildPhase;
			buildActionMask = 2147483647;
			files = (
				E5384FB81956907C006B0E7E /* SensorList.plist in Resources */,
				E57FA00319698F9C001491C3 /* Strings.plist in Resources */,
				E5384FB61953AFE0006B0E7E /* MainStoryboard.storyboard in Resources */,
				E5384F921953AF27006B0E7E /* Images.xcassets in Resources */,
			);
			runOnlyForDeploymentPostprocessing = 0;
		};
		E5384F951953AF27006B0E7E /* Resources */ = {
			isa = PBXResourcesBuildPhase;
			buildActionMask = 2147483647;
			files = (
			);
			runOnlyForDeploymentPostprocessing = 0;
		};
/* End PBXResourcesBuildPhase section */

/* Begin PBXSourcesBuildPhase section */
		E5384F831953AF27006B0E7E /* Sources */ = {
			isa = PBXSourcesBuildPhase;
			buildActionMask = 2147483647;
			files = (
				E5384F8D1953AF27006B0E7E /* main.m in Sources */,
				E5384FB21953AF96006B0E7E /* ListViewController.m in Sources */,
				E5384FB31953AF96006B0E7E /* MainViewController.m in Sources */,
				E5384FB11953AF96006B0E7E /* AppDelegate.m in Sources */,
			);
			runOnlyForDeploymentPostprocessing = 0;
		};
		E5384F931953AF27006B0E7E /* Sources */ = {
			isa = PBXSourcesBuildPhase;
			buildActionMask = 2147483647;
			files = (
				E5384F9E1953AF27006B0E7E /* PVDCalc_iOSTests.m in Sources */,
			);
			runOnlyForDeploymentPostprocessing = 0;
		};
/* End PBXSourcesBuildPhase section */

/* Begin PBXTargetDependency section */
		E5384F991953AF27006B0E7E /* PBXTargetDependency */ = {
			isa = PBXTargetDependency;
			target = E5384F861953AF27006B0E7E /* PVDCalc_iOS */;
			targetProxy = E5384F981953AF27006B0E7E /* PBXContainerItemProxy */;
		};
/* End PBXTargetDependency section */

/* Begin XCBuildConfiguration section */
		E5384F9F1953AF27006B0E7E /* Debug */ = {
			isa = XCBuildConfiguration;
			buildSettings = {
				ALWAYS_SEARCH_USER_PATHS = NO;
				CLANG_CXX_LANGUAGE_STANDARD = "gnu++0x";
				CLANG_CXX_LIBRARY = "libc++";
				CLANG_ENABLE_MODULES = YES;
				CLANG_ENABLE_OBJC_ARC = YES;
				CLANG_WARN_BOOL_CONVERSION = YES;
				CLANG_WARN_CONSTANT_CONVERSION = YES;
				CLANG_WARN_DIRECT_OBJC_ISA_USAGE = YES_ERROR;
				CLANG_WARN_EMPTY_BODY = YES;
				CLANG_WARN_ENUM_CONVERSION = YES;
				CLANG_WARN_INT_CONVERSION = YES;
				CLANG_WARN_OBJC_ROOT_CLASS = YES_ERROR;
				CLANG_WARN_UNREACHABLE_CODE = YES;
				CLANG_WARN__DUPLICATE_METHOD_MATCH = YES;
				"CODE_SIGN_IDENTITY[sdk=iphoneos*]" = "iPhone Developer";
				COPY_PHASE_STRIP = NO;
				ENABLE_STRICT_OBJC_MSGSEND = YES;
				GCC_C_LANGUAGE_STANDARD = gnu99;
				GCC_DYNAMIC_NO_PIC = NO;
				GCC_OPTIMIZATION_LEVEL = 0;
				GCC_PREPROCESSOR_DEFINITIONS = (
					"DEBUG=1",
					"$(inherited)",
				);
				GCC_SYMBOLS_PRIVATE_EXTERN = NO;
				GCC_WARN_64_TO_32_BIT_CONVERSION = YES;
				GCC_WARN_ABOUT_RETURN_TYPE = YES_ERROR;
				GCC_WARN_UNDECLARED_SELECTOR = YES;
				GCC_WARN_UNINITIALIZED_AUTOS = YES_AGGRESSIVE;
				GCC_WARN_UNUSED_FUNCTION = YES;
				GCC_WARN_UNUSED_VARIABLE = YES;
				IPHONEOS_DEPLOYMENT_TARGET = 8.0;
				METAL_ENABLE_DEBUG_INFO = YES;
				ONLY_ACTIVE_ARCH = YES;
				SDKROOT = iphoneos;
				TARGETED_DEVICE_FAMILY = "1,2";
			};
			name = Debug;
		};
		E5384FA01953AF27006B0E7E /* Release */ = {
			isa = XCBuildConfiguration;
			buildSettings = {
				ALWAYS_SEARCH_USER_PATHS = NO;
				CLANG_CXX_LANGUAGE_STANDARD = "gnu++0x";
				CLANG_CXX_LIBRARY = "libc++";
				CLANG_ENABLE_MODULES = YES;
				CLANG_ENABLE_OBJC_ARC = YES;
				CLANG_WARN_BOOL_CONVERSION = YES;
				CLANG_WARN_CONSTANT_CONVERSION = YES;
				CLANG_WARN_DIRECT_OBJC_ISA_USAGE = YES_ERROR;
				CLANG_WARN_EMPTY_BODY = YES;
				CLANG_WARN_ENUM_CONVERSION = YES;
				CLANG_WARN_INT_CONVERSION = YES;
				CLANG_WARN_OBJC_ROOT_CLASS = YES_ERROR;
				CLANG_WARN_UNREACHABLE_CODE = YES;
				CLANG_WARN__DUPLICATE_METHOD_MATCH = YES;
				"CODE_SIGN_IDENTITY[sdk=iphoneos*]" = "iPhone Developer";
				COPY_PHASE_STRIP = YES;
				ENABLE_NS_ASSERTIONS = NO;
				ENABLE_STRICT_OBJC_MSGSEND = YES;
				GCC_C_LANGUAGE_STANDARD = gnu99;
				GCC_WARN_64_TO_32_BIT_CONVERSION = YES;
				GCC_WARN_ABOUT_RETURN_TYPE = YES_ERROR;
				GCC_WARN_UNDECLARED_SELECTOR = YES;
				GCC_WARN_UNINITIALIZED_AUTOS = YES_AGGRESSIVE;
				GCC_WARN_UNUSED_FUNCTION = YES;
				GCC_WARN_UNUSED_VARIABLE = YES;
				IPHONEOS_DEPLOYMENT_TARGET = 8.0;
				METAL_ENABLE_DEBUG_INFO = NO;
				SDKROOT = iphoneos;
				TARGETED_DEVICE_FAMILY = "1,2";
				VALIDATE_PRODUCT = YES;
			};
			name = Release;
		};
		E5384FA21953AF27006B0E7E /* Debug */ = {
			isa = XCBuildConfiguration;
			buildSettings = {
				ASSETCATALOG_COMPILER_APPICON_NAME = AppIcon;
				ASSETCATALOG_COMPILER_LAUNCHIMAGE_NAME = LaunchImage;
				CODE_SIGN_IDENTITY = "iPhone Developer";
				"CODE_SIGN_IDENTITY[sdk=iphoneos*]" = "iPhone Developer";
				INFOPLIST_FILE = PVDCalc_iOS/Info.plist;
				IPHONEOS_DEPLOYMENT_TARGET = 7.1;
				LD_RUNPATH_SEARCH_PATHS = "$(inherited) @executable_path/Frameworks";
				PRODUCT_NAME = "$(TARGET_NAME)";
				PROVISIONING_PROFILE = "";
				TARGETED_DEVICE_FAMILY = "1,2";
			};
			name = Debug;
		};
		E5384FA31953AF27006B0E7E /* Release */ = {
			isa = XCBuildConfiguration;
			buildSettings = {
				ASSETCATALOG_COMPILER_APPICON_NAME = AppIcon;
				ASSETCATALOG_COMPILER_LAUNCHIMAGE_NAME = LaunchImage;
				CODE_SIGN_IDENTITY = "iPhone Developer";
				"CODE_SIGN_IDENTITY[sdk=iphoneos*]" = "iPhone Developer";
				INFOPLIST_FILE = PVDCalc_iOS/Info.plist;
				IPHONEOS_DEPLOYMENT_TARGET = 7.1;
				LD_RUNPATH_SEARCH_PATHS = "$(inherited) @executable_path/Frameworks";
				PRODUCT_NAME = "$(TARGET_NAME)";
				PROVISIONING_PROFILE = "";
				TARGETED_DEVICE_FAMILY = "1,2";
			};
			name = Release;
		};
		E5384FA51953AF27006B0E7E /* Debug */ = {
			isa = XCBuildConfiguration;
			buildSettings = {
				BUNDLE_LOADER = "$(BUILT_PRODUCTS_DIR)/PVDCalc_iOS.app/PVDCalc_iOS";
				FRAMEWORK_SEARCH_PATHS = (
					"$(SDKROOT)/Developer/Library/Frameworks",
					"$(inherited)",
				);
				GCC_PREPROCESSOR_DEFINITIONS = (
					"DEBUG=1",
					"$(inherited)",
				);
				INFOPLIST_FILE = PVDCalc_iOSTests/Info.plist;
				LD_RUNPATH_SEARCH_PATHS = "$(inherited) @executable_path/Frameworks @loader_path/Frameworks";
				METAL_ENABLE_DEBUG_INFO = YES;
				PRODUCT_NAME = "$(TARGET_NAME)";
				TEST_HOST = "$(BUNDLE_LOADER)";
			};
			name = Debug;
		};
		E5384FA61953AF27006B0E7E /* Release */ = {
			isa = XCBuildConfiguration;
			buildSettings = {
				BUNDLE_LOADER = "$(BUILT_PRODUCTS_DIR)/PVDCalc_iOS.app/PVDCalc_iOS";
				FRAMEWORK_SEARCH_PATHS = (
					"$(SDKROOT)/Developer/Library/Frameworks",
					"$(inherited)",
				);
				INFOPLIST_FILE = PVDCalc_iOSTests/Info.plist;
				LD_RUNPATH_SEARCH_PATHS = "$(inherited) @executable_path/Frameworks @loader_path/Frameworks";
				METAL_ENABLE_DEBUG_INFO = NO;
				PRODUCT_NAME = "$(TARGET_NAME)";
				TEST_HOST = "$(BUNDLE_LOADER)";
			};
			name = Release;
		};
/* End XCBuildConfiguration section */

/* Begin XCConfigurationList section */
		E5384F821953AF26006B0E7E /* Build configuration list for PBXProject "PVDCalc_iOS" */ = {
			isa = XCConfigurationList;
			buildConfigurations = (
				E5384F9F1953AF27006B0E7E /* Debug */,
				E5384FA01953AF27006B0E7E /* Release */,
			);
			defaultConfigurationIsVisible = 0;
			defaultConfigurationName = Release;
		};
		E5384FA11953AF27006B0E7E /* Build configuration list for PBXNativeTarget "PVDCalc_iOS" */ = {
			isa = XCConfigurationList;
			buildConfigurations = (
				E5384FA21953AF27006B0E7E /* Debug */,
				E5384FA31953AF27006B0E7E /* Release */,
			);
			defaultConfigurationIsVisible = 0;
			defaultConfigurationName = Release;
		};
		E5384FA41953AF27006B0E7E /* Build configuration list for PBXNativeTarget "PVDCalc_iOSTests" */ = {
			isa = XCConfigurationList;
			buildConfigurations = (
				E5384FA51953AF27006B0E7E /* Debug */,
				E5384FA61953AF27006B0E7E /* Release */,
			);
			defaultConfigurationIsVisible = 0;
			defaultConfigurationName = Release;
		};
/* End XCConfigurationList section */
	};
	rootObject = E5384F7F1953AF26006B0E7E /* Project object */;
}
